
Microsoft Visual Studio Solution File, Format Version 12.00
# Visual Studio Version 16
VisualStudioVersion = 16.0.30011.22
MinimumVisualStudioVersion = 10.0.40219.1
Project("{FAE04EC0-301F-11D3-BF4B-00C04F79EFBC}") = "RegistroFacturacion", "RegistroFacturacion.csproj", "{DA0B7935-BAAF-44A2-AD0D-DDC5C95F8833}"
EndProject
Project("{FAE04EC0-301F-11D3-BF4B-00C04F79EFBC}") = "CapaPersistencia", "..\CapaPersistencia\CapaPersistencia.csproj", "{56B44F50-2053-48C3-A89A-50C234ECD38E}"
EndProject
Project("{FAE04EC0-301F-11D3-BF4B-00C04F79EFBC}") = "CapaNegocio", "..\CapaNegocio\CapaNegocio.csproj", "{34D5ABE7-3A54-4A69-A774-EDD28DACB0EE}"
EndProject
Project("{FAE04EC0-301F-11D3-BF4B-00C04F79EFBC}") = "CapaEntidad", "..\CapaEntidad\CapaEntidad.csproj", "{C9DD6B1F-FF26-463B-810B-205A36427E95}"
EndProject
Global
	GlobalSection(SolutionConfigurationPlatforms) = preSolution
		Debug|Any CPU = Debug|Any CPU
		Release|Any CPU = Release|Any CPU
	EndGlobalSection
	GlobalSection(ProjectConfigurationPlatforms) = postSolution
		{DA0B7935-BAAF-44A2-AD0D-DDC5C95F8833}.Debug|Any CPU.ActiveCfg = Debug|Any CPU
		{DA0B7935-BAAF-44A2-AD0D-DDC5C95F8833}.Debug|Any CPU.Build.0 = Debug|Any CPU
		{DA0B7935-BAAF-44A2-AD0D-DDC5C95F8833}.Release|Any CPU.ActiveCfg = Release|Any CPU
		{DA0B7935-BAAF-44A2-AD0D-DDC5C95F8833}.Release|Any CPU.Build.0 = Release|Any CPU
		{56B44F50-2053-48C3-A89A-50C234ECD38E}.Debug|Any CPU.ActiveCfg = Debug|Any CPU
		{56B44F50-2053-48C3-A89A-50C234ECD38E}.Debug|Any CPU.Build.0 = Debug|Any CPU
		{56B44F50-2053-48C3-A89A-50C234ECD38E}.Release|Any CPU.ActiveCfg = Release|Any CPU
		{56B44F50-2053-48C3-A89A-50C234ECD38E}.Release|Any CPU.Build.0 = Release|Any CPU
		{34D5ABE7-3A54-4A69-A774-EDD28DACB0EE}.Debug|Any CPU.ActiveCfg = Debug|Any CPU
		{34D5ABE7-3A54-4A69-A774-EDD28DACB0EE}.Debug|Any CPU.Build.0 = Debug|Any CPU
		{34D5ABE7-3A54-4A69-A774-EDD28DACB0EE}.Release|Any CPU.ActiveCfg = Release|Any CPU
		{34D5ABE7-3A54-4A69-A774-EDD28DACB0EE}.Release|Any CPU.Build.0 = Release|Any CPU
		{C9DD6B1F-FF26-463B-810B-205A36427E95}.Debug|Any CPU.ActiveCfg = Debug|Any CPU
		{C9DD6B1F-FF26-463B-810B-205A36427E95}.Debug|Any CPU.Build.0 = Debug|Any CPU
		{C9DD6B1F-FF26-463B-810B-205A36427E95}.Release|Any CPU.ActiveCfg = Release|Any CPU
		{C9DD6B1F-FF26-463B-810B-205A36427E95}.Release|Any CPU.Build.0 = Release|Any CPU
	EndGlobalSection
	GlobalSection(SolutionProperties) = preSolution
		HideSolutionNode = FALSE
	EndGlobalSection
	GlobalSection(ExtensibilityGlobals) = postSolution
		SolutionGuid = {BBF098D8-A8EA-4F43-8376-D56738DEBF49}
	EndGlobalSection
EndGlobal
